
Microsoft Visual Studio Solution File, Format Version 12.00
# Visual Studio Version 17
VisualStudioVersion = 17.11.35208.52
MinimumVisualStudioVersion = 10.0.40219.1
Project("{FAE04EC0-301F-11D3-BF4B-00C04F79EFBC}") = "latayef", "latayef\latayef.csproj", "{F12E6D3F-10BF-43D8-8401-7EAD74C6733E}"
EndProject
Global
	GlobalSection(SolutionConfigurationPlatforms) = preSolution
		Debug|Any CPU = Debug|Any CPU
		Release|Any CPU = Release|Any CPU
	EndGlobalSection
	GlobalSection(ProjectConfigurationPlatforms) = postSolution
		{F12E6D3F-10BF-43D8-8401-7EAD74C6733E}.Debug|Any CPU.ActiveCfg = Debug|Any CPU
		{F12E6D3F-10BF-43D8-8401-7EAD74C6733E}.Debug|Any CPU.Build.0 = Debug|Any CPU
		{F12E6D3F-10BF-43D8-8401-7EAD74C6733E}.Release|Any CPU.ActiveCfg = Release|Any CPU
		{F12E6D3F-10BF-43D8-8401-7EAD74C6733E}.Release|Any CPU.Build.0 = Release|Any CPU
	EndGlobalSection
	GlobalSection(SolutionProperties) = preSolution
		HideSolutionNode = FALSE
	EndGlobalSection
	GlobalSection(ExtensibilityGlobals) = postSolution
		SolutionGuid = {972EB644-005D-46AB-B54D-54F314C56001}
	EndGlobalSection
EndGlobal
